// !$*UTF8*$!
{
	archiveVersion = 1;
	classes = {
	};
	objectVersion = 50;
	objects = {

/* Begin PBXBuildFile section */
		231786932341F38E0080A595 /* AppDelegate.swift in Sources */ = {isa = PBXBuildFile; fileRef = 231786922341F38E0080A595 /* AppDelegate.swift */; };
		231786952341F38E0080A595 /* SceneDelegate.swift in Sources */ = {isa = PBXBuildFile; fileRef = 231786942341F38E0080A595 /* SceneDelegate.swift */; };
		231786972341F38E0080A595 /* ViewController.swift in Sources */ = {isa = PBXBuildFile; fileRef = 231786962341F38E0080A595 /* ViewController.swift */; };
		2317869A2341F38E0080A595 /* Main.storyboard in Resources */ = {isa = PBXBuildFile; fileRef = 231786982341F38E0080A595 /* Main.storyboard */; };
		2317869C2341F3930080A595 /* Assets.xcassets in Resources */ = {isa = PBXBuildFile; fileRef = 2317869B2341F3930080A595 /* Assets.xcassets */; };
		2317869F2341F3930080A595 /* LaunchScreen.storyboard in Resources */ = {isa = PBXBuildFile; fileRef = 2317869D2341F3930080A595 /* LaunchScreen.storyboard */; };
		231786AA2341F3930080A595 /* OperationExample001Tests.swift in Sources */ = {isa = PBXBuildFile; fileRef = 231786A92341F3930080A595 /* OperationExample001Tests.swift */; };
		D2AADA7F24646A4000D0521D /* CancelAndProgressTests.swift in Sources */ = {isa = PBXBuildFile; fileRef = D2AADA7E24646A4000D0521D /* CancelAndProgressTests.swift */; };
/* End PBXBuildFile section */

/* Begin PBXContainerItemProxy section */
		231786A62341F3930080A595 /* PBXContainerItemProxy */ = {
			isa = PBXContainerItemProxy;
			containerPortal = 231786872341F38E0080A595 /* Project object */;
			proxyType = 1;
			remoteGlobalIDString = 2317868E2341F38E0080A595;
			remoteInfo = OperationExample001;
		};
/* End PBXContainerItemProxy section */

/* Begin PBXFileReference section */
		2317868F2341F38E0080A595 /* OperationExample001.app */ = {isa = PBXFileReference; explicitFileType = wrapper.application; includeInIndex = 0; path = OperationExample001.app; sourceTree = BUILT_PRODUCTS_DIR; };
		231786922341F38E0080A595 /* AppDelegate.swift */ = {isa = PBXFileReference; lastKnownFileType = sourcecode.swift; path = AppDelegate.swift; sourceTree = "<group>"; };
		231786942341F38E0080A595 /* SceneDelegate.swift */ = {isa = PBXFileReference; lastKnownFileType = sourcecode.swift; path = SceneDelegate.swift; sourceTree = "<group>"; };
		231786962341F38E0080A595 /* ViewController.swift */ = {isa = PBXFileReference; lastKnownFileType = sourcecode.swift; path = ViewController.swift; sourceTree = "<group>"; };
		231786992341F38E0080A595 /* Base */ = {isa = PBXFileReference; lastKnownFileType = file.storyboard; name = Base; path = Base.lproj/Main.storyboard; sourceTree = "<group>"; };
		2317869B2341F3930080A595 /* Assets.xcassets */ = {isa = PBXFileReference; lastKnownFileType = folder.assetcatalog; path = Assets.xcassets; sourceTree = "<group>"; };
		2317869E2341F3930080A595 /* Base */ = {isa = PBXFileReference; lastKnownFileType = file.storyboard; name = Base; path = Base.lproj/LaunchScreen.storyboard; sourceTree = "<group>"; };
		231786A02341F3930080A595 /* Info.plist */ = {isa = PBXFileReference; lastKnownFileType = text.plist.xml; path = Info.plist; sourceTree = "<group>"; };
		231786A52341F3930080A595 /* OperationExample001Tests.xctest */ = {isa = PBXFileReference; explicitFileType = wrapper.cfbundle; includeInIndex = 0; path = OperationExample001Tests.xctest; sourceTree = BUILT_PRODUCTS_DIR; };
		231786A92341F3930080A595 /* OperationExample001Tests.swift */ = {isa = PBXFileReference; lastKnownFileType = sourcecode.swift; path = OperationExample001Tests.swift; sourceTree = "<group>"; };
		231786AB2341F3930080A595 /* Info.plist */ = {isa = PBXFileReference; lastKnownFileType = text.plist.xml; path = Info.plist; sourceTree = "<group>"; };
		D2AADA7E24646A4000D0521D /* CancelAndProgressTests.swift */ = {isa = PBXFileReference; lastKnownFileType = sourcecode.swift; path = CancelAndProgressTests.swift; sourceTree = "<group>"; };
/* End PBXFileReference section */

/* Begin PBXFrameworksBuildPhase section */
		2317868C2341F38E0080A595 /* Frameworks */ = {
			isa = PBXFrameworksBuildPhase;
			buildActionMask = 2147483647;
			files = (
			);
			runOnlyForDeploymentPostprocessing = 0;
		};
		231786A22341F3930080A595 /* Frameworks */ = {
			isa = PBXFrameworksBuildPhase;
			buildActionMask = 2147483647;
			files = (
			);
			runOnlyForDeploymentPostprocessing = 0;
		};
/* End PBXFrameworksBuildPhase section */

/* Begin PBXGroup section */
		231786862341F38E0080A595 = {
			isa = PBXGroup;
			children = (
				231786912341F38E0080A595 /* OperationExample001 */,
				231786A82341F3930080A595 /* OperationExample001Tests */,
				231786902341F38E0080A595 /* Products */,
			);
			sourceTree = "<group>";
		};
		231786902341F38E0080A595 /* Products */ = {
			isa = PBXGroup;
			children = (
				2317868F2341F38E0080A595 /* OperationExample001.app */,
				231786A52341F3930080A595 /* OperationExample001Tests.xctest */,
			);
			name = Products;
			sourceTree = "<group>";
		};
		231786912341F38E0080A595 /* OperationExample001 */ = {
			isa = PBXGroup;
			children = (
				231786922341F38E0080A595 /* AppDelegate.swift */,
				231786942341F38E0080A595 /* SceneDelegate.swift */,
				231786962341F38E0080A595 /* ViewController.swift */,
				231786982341F38E0080A595 /* Main.storyboard */,
				2317869B2341F3930080A595 /* Assets.xcassets */,
				2317869D2341F3930080A595 /* LaunchScreen.storyboard */,
				231786A02341F3930080A595 /* Info.plist */,
			);
			path = OperationExample001;
			sourceTree = "<group>";
		};
		231786A82341F3930080A595 /* OperationExample001Tests */ = {
			isa = PBXGroup;
			children = (
				231786A92341F3930080A595 /* OperationExample001Tests.swift */,
				231786AB2341F3930080A595 /* Info.plist */,
				D2AADA7E24646A4000D0521D /* CancelAndProgressTests.swift */,
			);
			path = OperationExample001Tests;
			sourceTree = "<group>";
		};
/* End PBXGroup section */

/* Begin PBXNativeTarget section */
		2317868E2341F38E0080A595 /* OperationExample001 */ = {
			isa = PBXNativeTarget;
			buildConfigurationList = 231786AE2341F3930080A595 /* Build configuration list for PBXNativeTarget "OperationExample001" */;
			buildPhases = (
				2317868B2341F38E0080A595 /* Sources */,
				2317868C2341F38E0080A595 /* Frameworks */,
				2317868D2341F38E0080A595 /* Resources */,
			);
			buildRules = (
			);
			dependencies = (
			);
			name = OperationExample001;
			productName = OperationExample001;
			productReference = 2317868F2341F38E0080A595 /* OperationExample001.app */;
			productType = "com.apple.product-type.application";
		};
		231786A42341F3930080A595 /* OperationExample001Tests */ = {
			isa = PBXNativeTarget;
			buildConfigurationList = 231786B12341F3930080A595 /* Build configuration list for PBXNativeTarget "OperationExample001Tests" */;
			buildPhases = (
				231786A12341F3930080A595 /* Sources */,
				231786A22341F3930080A595 /* Frameworks */,
				231786A32341F3930080A595 /* Resources */,
			);
			buildRules = (
			);
			dependencies = (
				231786A72341F3930080A595 /* PBXTargetDependency */,
			);
			name = OperationExample001Tests;
			productName = OperationExample001Tests;
			productReference = 231786A52341F3930080A595 /* OperationExample001Tests.xctest */;
			productType = "com.apple.product-type.bundle.unit-test";
		};
/* End PBXNativeTarget section */

/* Begin PBXProject section */
		231786872341F38E0080A595 /* Project object */ = {
			isa = PBXProject;
			attributes = {
				LastSwiftUpdateCheck = 1100;
				LastUpgradeCheck = 1100;
				ORGANIZATIONNAME = com.alessandromarzoli;
				TargetAttributes = {
					2317868E2341F38E0080A595 = {
						CreatedOnToolsVersion = 11.0;
					};
					231786A42341F3930080A595 = {
						CreatedOnToolsVersion = 11.0;
						TestTargetID = 2317868E2341F38E0080A595;
					};
				};
			};
			buildConfigurationList = 2317868A2341F38E0080A595 /* Build configuration list for PBXProject "OperationExample001" */;
			compatibilityVersion = "Xcode 9.3";
			developmentRegion = en;
			hasScannedForEncodings = 0;
			knownRegions = (
				en,
				Base,
			);
			mainGroup = 231786862341F38E0080A595;
			productRefGroup = 231786902341F38E0080A595 /* Products */;
			projectDirPath = "";
			projectRoot = "";
			targets = (
				2317868E2341F38E0080A595 /* OperationExample001 */,
				231786A42341F3930080A595 /* OperationExample001Tests */,
			);
		};
/* End PBXProject section */

/* Begin PBXResourcesBuildPhase section */
		2317868D2341F38E0080A595 /* Resources */ = {
			isa = PBXResourcesBuildPhase;
			buildActionMask = 2147483647;
			files = (
				2317869F2341F3930080A595 /* LaunchScreen.storyboard in Resources */,
				2317869C2341F3930080A595 /* Assets.xcassets in Resources */,
				2317869A2341F38E0080A595 /* Main.storyboard in Resources */,
			);
			runOnlyForDeploymentPostprocessing = 0;
		};
		231786A32341F3930080A595 /* Resources */ = {
			isa = PBXResourcesBuildPhase;
			buildActionMask = 2147483647;
			files = (
			);
			runOnlyForDeploymentPostprocessing = 0;
		};
/* End PBXResourcesBuildPhase section */

/* Begin PBXSourcesBuildPhase section */
		2317868B2341F38E0080A595 /* Sources */ = {
			isa = PBXSourcesBuildPhase;
			buildActionMask = 2147483647;
			files = (
				231786972341F38E0080A595 /* ViewController.swift in Sources */,
				231786932341F38E0080A595 /* AppDelegate.swift in Sources */,
				231786952341F38E0080A595 /* SceneDelegate.swift in Sources */,
			);
			runOnlyForDeploymentPostprocessing = 0;
		};
		231786A12341F3930080A595 /* Sources */ = {
			isa = PBXSourcesBuildPhase;
			buildActionMask = 2147483647;
			files = (
				D2AADA7F24646A4000D0521D /* CancelAndProgressTests.swift in Sources */,
				231786AA2341F3930080A595 /* OperationExample001Tests.swift in Sources */,
			);
			runOnlyForDeploymentPostprocessing = 0;
		};
/* End PBXSourcesBuildPhase section */

/* Begin PBXTargetDependency section */
		231786A72341F3930080A595 /* PBXTargetDependency */ = {
			isa = PBXTargetDependency;
			target = 2317868E2341F38E0080A595 /* OperationExample001 */;
			targetProxy = 231786A62341F3930080A595 /* PBXContainerItemProxy */;
		};
/* End PBXTargetDependency section */

/* Begin PBXVariantGroup section */
		231786982341F38E0080A595 /* Main.storyboard */ = {
			isa = PBXVariantGroup;
			children = (
				231786992341F38E0080A595 /* Base */,
			);
			name = Main.storyboard;
			sourceTree = "<group>";
		};
		2317869D2341F3930080A595 /* LaunchScreen.storyboard */ = {
			isa = PBXVariantGroup;
			children = (
				2317869E2341F3930080A595 /* Base */,
			);
			name = LaunchScreen.storyboard;
			sourceTree = "<group>";
		};
/* End PBXVariantGroup section */

/* Begin XCBuildConfiguration section */
		231786AC2341F3930080A595 /* Debug */ = {
			isa = XCBuildConfiguration;
			buildSettings = {
				ALWAYS_SEARCH_USER_PATHS = NO;
				CLANG_ANALYZER_NONNULL = YES;
				CLANG_ANALYZER_NUMBER_OBJECT_CONVERSION = YES_AGGRESSIVE;
				CLANG_CXX_LANGUAGE_STANDARD = "gnu++14";
				CLANG_CXX_LIBRARY = "libc++";
				CLANG_ENABLE_MODULES = YES;
				CLANG_ENABLE_OBJC_ARC = YES;
				CLANG_ENABLE_OBJC_WEAK = YES;
				CLANG_WARN_BLOCK_CAPTURE_AUTORELEASING = YES;
				CLANG_WARN_BOOL_CONVERSION = YES;
				CLANG_WARN_COMMA = YES;
				CLANG_WARN_CONSTANT_CONVERSION = YES;
				CLANG_WARN_DEPRECATED_OBJC_IMPLEMENTATIONS = YES;
				CLANG_WARN_DIRECT_OBJC_ISA_USAGE = YES_ERROR;
				CLANG_WARN_DOCUMENTATION_COMMENTS = YES;
				CLANG_WARN_EMPTY_BODY = YES;
				CLANG_WARN_ENUM_CONVERSION = YES;
				CLANG_WARN_INFINITE_RECURSION = YES;
				CLANG_WARN_INT_CONVERSION = YES;
				CLANG_WARN_NON_LITERAL_NULL_CONVERSION = YES;
				CLANG_WARN_OBJC_IMPLICIT_RETAIN_SELF = YES;
				CLANG_WARN_OBJC_LITERAL_CONVERSION = YES;
				CLANG_WARN_OBJC_ROOT_CLASS = YES_ERROR;
				CLANG_WARN_RANGE_LOOP_ANALYSIS = YES;
				CLANG_WARN_STRICT_PROTOTYPES = YES;
				CLANG_WARN_SUSPICIOUS_MOVE = YES;
				CLANG_WARN_UNGUARDED_AVAILABILITY = YES_AGGRESSIVE;
				CLANG_WARN_UNREACHABLE_CODE = YES;
				CLANG_WARN__DUPLICATE_METHOD_MATCH = YES;
				COPY_PHASE_STRIP = NO;
				DEBUG_INFORMATION_FORMAT = dwarf;
				ENABLE_STRICT_OBJC_MSGSEND = YES;
				ENABLE_TESTABILITY = YES;
				GCC_C_LANGUAGE_STANDARD = gnu11;
				GCC_DYNAMIC_NO_PIC = NO;
				GCC_NO_COMMON_BLOCKS = YES;
				GCC_OPTIMIZATION_LEVEL = 0;
				GCC_PREPROCESSOR_DEFINITIONS = (
					"DEBUG=1",
					"$(inherited)",
				);
				GCC_WARN_64_TO_32_BIT_CONVERSION = YES;
				GCC_WARN_ABOUT_RETURN_TYPE = YES_ERROR;
				GCC_WARN_UNDECLARED_SELECTOR = YES;
				GCC_WARN_UNINITIALIZED_AUTOS = YES_AGGRESSIVE;
				GCC_WARN_UNUSED_FUNCTION = YES;
				GCC_WARN_UNUSED_VARIABLE = YES;
				IPHONEOS_DEPLOYMENT_TARGET = 13.0;
				MTL_ENABLE_DEBUG_INFO = INCLUDE_SOURCE;
				MTL_FAST_MATH = YES;
				ONLY_ACTIVE_ARCH = YES;
				SDKROOT = iphoneos;
				SWIFT_ACTIVE_COMPILATION_CONDITIONS = DEBUG;
				SWIFT_OPTIMIZATION_LEVEL = "-Onone";
			};
			name = Debug;
		};
		231786AD2341F3930080A595 /* Release */ = {
			isa = XCBuildConfiguration;
			buildSettings = {
				ALWAYS_SEARCH_USER_PATHS = NO;
				CLANG_ANALYZER_NONNULL = YES;
				CLANG_ANALYZER_NUMBER_OBJECT_CONVERSION = YES_AGGRESSIVE;
				CLANG_CXX_LANGUAGE_STANDARD = "gnu++14";
				CLANG_CXX_LIBRARY = "libc++";
				CLANG_ENABLE_MODULES = YES;
				CLANG_ENABLE_OBJC_ARC = YES;
				CLANG_ENABLE_OBJC_WEAK = YES;
				CLANG_WARN_BLOCK_CAPTURE_AUTORELEASING = YES;
				CLANG_WARN_BOOL_CONVERSION = YES;
				CLANG_WARN_COMMA = YES;
				CLANG_WARN_CONSTANT_CONVERSION = YES;
				CLANG_WARN_DEPRECATED_OBJC_IMPLEMENTATIONS = YES;
				CLANG_WARN_DIRECT_OBJC_ISA_USAGE = YES_ERROR;
				CLANG_WARN_DOCUMENTATION_COMMENTS = YES;
				CLANG_WARN_EMPTY_BODY = YES;
				CLANG_WARN_ENUM_CONVERSION = YES;
				CLANG_WARN_INFINITE_RECURSION = YES;
				CLANG_WARN_INT_CONVERSION = YES;
				CLANG_WARN_NON_LITERAL_NULL_CONVERSION = YES;
				CLANG_WARN_OBJC_IMPLICIT_RETAIN_SELF = YES;
				CLANG_WARN_OBJC_LITERAL_CONVERSION = YES;
				CLANG_WARN_OBJC_ROOT_CLASS = YES_ERROR;
				CLANG_WARN_RANGE_LOOP_ANALYSIS = YES;
				CLANG_WARN_STRICT_PROTOTYPES = YES;
				CLANG_WARN_SUSPICIOUS_MOVE = YES;
				CLANG_WARN_UNGUARDED_AVAILABILITY = YES_AGGRESSIVE;
				CLANG_WARN_UNREACHABLE_CODE = YES;
				CLANG_WARN__DUPLICATE_METHOD_MATCH = YES;
				COPY_PHASE_STRIP = NO;
				DEBUG_INFORMATION_FORMAT = "dwarf-with-dsym";
				ENABLE_NS_ASSERTIONS = NO;
				ENABLE_STRICT_OBJC_MSGSEND = YES;
				GCC_C_LANGUAGE_STANDARD = gnu11;
				GCC_NO_COMMON_BLOCKS = YES;
				GCC_WARN_64_TO_32_BIT_CONVERSION = YES;
				GCC_WARN_ABOUT_RETURN_TYPE = YES_ERROR;
				GCC_WARN_UNDECLARED_SELECTOR = YES;
				GCC_WARN_UNINITIALIZED_AUTOS = YES_AGGRESSIVE;
				GCC_WARN_UNUSED_FUNCTION = YES;
				GCC_WARN_UNUSED_VARIABLE = YES;
				IPHONEOS_DEPLOYMENT_TARGET = 13.0;
				MTL_ENABLE_DEBUG_INFO = NO;
				MTL_FAST_MATH = YES;
				SDKROOT = iphoneos;
				SWIFT_COMPILATION_MODE = wholemodule;
				SWIFT_OPTIMIZATION_LEVEL = "-O";
				VALIDATE_PRODUCT = YES;
			};
			name = Release;
		};
		231786AF2341F3930080A595 /* Debug */ = {
			isa = XCBuildConfiguration;
			buildSettings = {
				ASSETCATALOG_COMPILER_APPICON_NAME = AppIcon;
				CODE_SIGN_STYLE = Automatic;
				DEVELOPMENT_TEAM = XQEAXK7Y68;
				INFOPLIST_FILE = OperationExample001/Info.plist;
				LD_RUNPATH_SEARCH_PATHS = (
					"$(inherited)",
					"@executable_path/Frameworks",
				);
				PRODUCT_BUNDLE_IDENTIFIER = com.alessandromarzoli.OperationExample001;
				PRODUCT_NAME = "$(TARGET_NAME)";
				SWIFT_VERSION = 5.0;
				TARGETED_DEVICE_FAMILY = "1,2";
			};
			name = Debug;
		};
		231786B02341F3930080A595 /* Release */ = {
			isa = XCBuildConfiguration;
			buildSettings = {
				ASSETCATALOG_COMPILER_APPICON_NAME = AppIcon;
				CODE_SIGN_STYLE = Automatic;
				DEVELOPMENT_TEAM = XQEAXK7Y68;
				INFOPLIST_FILE = OperationExample001/Info.plist;
				LD_RUNPATH_SEARCH_PATHS = (
					"$(inherited)",
					"@executable_path/Frameworks",
				);
				PRODUCT_BUNDLE_IDENTIFIER = com.alessandromarzoli.OperationExample001;
				PRODUCT_NAME = "$(TARGET_NAME)";
				SWIFT_VERSION = 5.0;
				TARGETED_DEVICE_FAMILY = "1,2";
			};
			name = Release;
		};
		231786B22341F3930080A595 /* Debug */ = {
			isa = XCBuildConfiguration;
			buildSettings = {
				ALWAYS_EMBED_SWIFT_STANDARD_LIBRARIES = YES;
				BUNDLE_LOADER = "$(TEST_HOST)";
				CODE_SIGN_STYLE = Automatic;
				DEVELOPMENT_TEAM = XQEAXK7Y68;
				INFOPLIST_FILE = OperationExample001Tests/Info.plist;
				IPHONEOS_DEPLOYMENT_TARGET = 13.0;
				LD_RUNPATH_SEARCH_PATHS = (
					"$(inherited)",
					"@executable_path/Frameworks",
					"@loader_path/Frameworks",
				);
				PRODUCT_BUNDLE_IDENTIFIER = com.alessandromarzoli.OperationExample001Tests;
				PRODUCT_NAME = "$(TARGET_NAME)";
				SWIFT_VERSION = 5.0;
				TARGETED_DEVICE_FAMILY = "1,2";
				TEST_HOST = "$(BUILT_PRODUCTS_DIR)/OperationExample001.app/OperationExample001";
			};
			name = Debug;
		};
		231786B32341F3930080A595 /* Release */ = {
			isa = XCBuildConfiguration;
			buildSettings = {
				ALWAYS_EMBED_SWIFT_STANDARD_LIBRARIES = YES;
				BUNDLE_LOADER = "$(TEST_HOST)";
				CODE_SIGN_STYLE = Automatic;
				DEVELOPMENT_TEAM = XQEAXK7Y68;
				INFOPLIST_FILE = OperationExample001Tests/Info.plist;
				IPHONEOS_DEPLOYMENT_TARGET = 13.0;
				LD_RUNPATH_SEARCH_PATHS = (
					"$(inherited)",
					"@executable_path/Frameworks",
					"@loader_path/Frameworks",
				);
				PRODUCT_BUNDLE_IDENTIFIER = com.alessandromarzoli.OperationExample001Tests;
				PRODUCT_NAME = "$(TARGET_NAME)";
				SWIFT_VERSION = 5.0;
				TARGETED_DEVICE_FAMILY = "1,2";
				TEST_HOST = "$(BUILT_PRODUCTS_DIR)/OperationExample001.app/OperationExample001";
			};
			name = Release;
		};
/* End XCBuildConfiguration section */

/* Begin XCConfigurationList section */
		2317868A2341F38E0080A595 /* Build configuration list for PBXProject "OperationExample001" */ = {
			isa = XCConfigurationList;
			buildConfigurations = (
				231786AC2341F3930080A595 /* Debug */,
				231786AD2341F3930080A595 /* Release */,
			);
			defaultConfigurationIsVisible = 0;
			defaultConfigurationName = Release;
		};
		231786AE2341F3930080A595 /* Build configuration list for PBXNativeTarget "OperationExample001" */ = {
			isa = XCConfigurationList;
			buildConfigurations = (
				231786AF2341F3930080A595 /* Debug */,
				231786B02341F3930080A595 /* Release */,
			);
			defaultConfigurationIsVisible = 0;
			defaultConfigurationName = Release;
		};
		231786B12341F3930080A595 /* Build configuration list for PBXNativeTarget "OperationExample001Tests" */ = {
			isa = XCConfigurationList;
			buildConfigurations = (
				231786B22341F3930080A595 /* Debug */,
				231786B32341F3930080A595 /* Release */,
			);
			defaultConfigurationIsVisible = 0;
			defaultConfigurationName = Release;
		};
/* End XCConfigurationList section */
	};
	rootObject = 231786872341F38E0080A595 /* Project object */;
}
