// !$*UTF8*$!
{
	archiveVersion = 1;
	classes = {
	};
	objectVersion = 50;
	objects = {

/* Begin PBXBuildFile section */
		D2DC73FF265FED6D00175832 /* AppDelegate.swift in Sources */ = {isa = PBXBuildFile; fileRef = D2DC73FE265FED6D00175832 /* AppDelegate.swift */; };
		D2DC7401265FED6D00175832 /* SceneDelegate.swift in Sources */ = {isa = PBXBuildFile; fileRef = D2DC7400265FED6D00175832 /* SceneDelegate.swift */; };
		D2DC7403265FED6D00175832 /* ViewController.swift in Sources */ = {isa = PBXBuildFile; fileRef = D2DC7402265FED6D00175832 /* ViewController.swift */; };
		D2DC7406265FED6D00175832 /* Main.storyboard in Resources */ = {isa = PBXBuildFile; fileRef = D2DC7404265FED6D00175832 /* Main.storyboard */; };
		D2DC7408265FED6E00175832 /* Assets.xcassets in Resources */ = {isa = PBXBuildFile; fileRef = D2DC7407265FED6E00175832 /* Assets.xcassets */; };
		D2DC740B265FED6E00175832 /* LaunchScreen.storyboard in Resources */ = {isa = PBXBuildFile; fileRef = D2DC7409265FED6E00175832 /* LaunchScreen.storyboard */; };
		D2DC7413265FED7C00175832 /* Model.swift in Sources */ = {isa = PBXBuildFile; fileRef = D2DC7412265FED7C00175832 /* Model.swift */; };
/* End PBXBuildFile section */

/* Begin PBXFileReference section */
		D2DC73FB265FED6D00175832 /* CoreDataMigrationWithDerivedAttributes.app */ = {isa = PBXFileReference; explicitFileType = wrapper.application; includeInIndex = 0; path = CoreDataMigrationWithDerivedAttributes.app; sourceTree = BUILT_PRODUCTS_DIR; };
		D2DC73FE265FED6D00175832 /* AppDelegate.swift */ = {isa = PBXFileReference; lastKnownFileType = sourcecode.swift; path = AppDelegate.swift; sourceTree = "<group>"; };
		D2DC7400265FED6D00175832 /* SceneDelegate.swift */ = {isa = PBXFileReference; lastKnownFileType = sourcecode.swift; path = SceneDelegate.swift; sourceTree = "<group>"; };
		D2DC7402265FED6D00175832 /* ViewController.swift */ = {isa = PBXFileReference; lastKnownFileType = sourcecode.swift; path = ViewController.swift; sourceTree = "<group>"; };
		D2DC7405265FED6D00175832 /* Base */ = {isa = PBXFileReference; lastKnownFileType = file.storyboard; name = Base; path = Base.lproj/Main.storyboard; sourceTree = "<group>"; };
		D2DC7407265FED6E00175832 /* Assets.xcassets */ = {isa = PBXFileReference; lastKnownFileType = folder.assetcatalog; path = Assets.xcassets; sourceTree = "<group>"; };
		D2DC740A265FED6E00175832 /* Base */ = {isa = PBXFileReference; lastKnownFileType = file.storyboard; name = Base; path = Base.lproj/LaunchScreen.storyboard; sourceTree = "<group>"; };
		D2DC740C265FED6E00175832 /* Info.plist */ = {isa = PBXFileReference; lastKnownFileType = text.plist.xml; path = Info.plist; sourceTree = "<group>"; };
		D2DC7412265FED7C00175832 /* Model.swift */ = {isa = PBXFileReference; lastKnownFileType = sourcecode.swift; name = Model.swift; path = ../../Model.swift; sourceTree = "<group>"; };
/* End PBXFileReference section */

/* Begin PBXFrameworksBuildPhase section */
		D2DC73F8265FED6D00175832 /* Frameworks */ = {
			isa = PBXFrameworksBuildPhase;
			buildActionMask = 2147483647;
			files = (
			);
			runOnlyForDeploymentPostprocessing = 0;
		};
/* End PBXFrameworksBuildPhase section */

/* Begin PBXGroup section */
		D2DC73F2265FED6D00175832 = {
			isa = PBXGroup;
			children = (
				D2DC73FD265FED6D00175832 /* CoreDataMigrationWithDerivedAttributes */,
				D2DC73FC265FED6D00175832 /* Products */,
			);
			sourceTree = "<group>";
		};
		D2DC73FC265FED6D00175832 /* Products */ = {
			isa = PBXGroup;
			children = (
				D2DC73FB265FED6D00175832 /* CoreDataMigrationWithDerivedAttributes.app */,
			);
			name = Products;
			sourceTree = "<group>";
		};
		D2DC73FD265FED6D00175832 /* CoreDataMigrationWithDerivedAttributes */ = {
			isa = PBXGroup;
			children = (
				D2DC73FE265FED6D00175832 /* AppDelegate.swift */,
				D2DC7400265FED6D00175832 /* SceneDelegate.swift */,
				D2DC7402265FED6D00175832 /* ViewController.swift */,
				D2DC7404265FED6D00175832 /* Main.storyboard */,
				D2DC7407265FED6E00175832 /* Assets.xcassets */,
				D2DC7409265FED6E00175832 /* LaunchScreen.storyboard */,
				D2DC740C265FED6E00175832 /* Info.plist */,
				D2DC7412265FED7C00175832 /* Model.swift */,
			);
			path = CoreDataMigrationWithDerivedAttributes;
			sourceTree = "<group>";
		};
/* End PBXGroup section */

/* Begin PBXNativeTarget section */
		D2DC73FA265FED6D00175832 /* CoreDataMigrationWithDerivedAttributes */ = {
			isa = PBXNativeTarget;
			buildConfigurationList = D2DC740F265FED6E00175832 /* Build configuration list for PBXNativeTarget "CoreDataMigrationWithDerivedAttributes" */;
			buildPhases = (
				D2DC73F7265FED6D00175832 /* Sources */,
				D2DC73F8265FED6D00175832 /* Frameworks */,
				D2DC73F9265FED6D00175832 /* Resources */,
			);
			buildRules = (
			);
			dependencies = (
			);
			name = CoreDataMigrationWithDerivedAttributes;
			productName = CoreDataMigrationWithDerivedAttributes;
			productReference = D2DC73FB265FED6D00175832 /* CoreDataMigrationWithDerivedAttributes.app */;
			productType = "com.apple.product-type.application";
		};
/* End PBXNativeTarget section */

/* Begin PBXProject section */
		D2DC73F3265FED6D00175832 /* Project object */ = {
			isa = PBXProject;
			attributes = {
				LastSwiftUpdateCheck = 1250;
				LastUpgradeCheck = 1250;
				TargetAttributes = {
					D2DC73FA265FED6D00175832 = {
						CreatedOnToolsVersion = 12.5;
					};
				};
			};
			buildConfigurationList = D2DC73F6265FED6D00175832 /* Build configuration list for PBXProject "CoreDataMigrationWithDerivedAttributes" */;
			compatibilityVersion = "Xcode 9.3";
			developmentRegion = en;
			hasScannedForEncodings = 0;
			knownRegions = (
				en,
				Base,
			);
			mainGroup = D2DC73F2265FED6D00175832;
			productRefGroup = D2DC73FC265FED6D00175832 /* Products */;
			projectDirPath = "";
			projectRoot = "";
			targets = (
				D2DC73FA265FED6D00175832 /* CoreDataMigrationWithDerivedAttributes */,
			);
		};
/* End PBXProject section */

/* Begin PBXResourcesBuildPhase section */
		D2DC73F9265FED6D00175832 /* Resources */ = {
			isa = PBXResourcesBuildPhase;
			buildActionMask = 2147483647;
			files = (
				D2DC740B265FED6E00175832 /* LaunchScreen.storyboard in Resources */,
				D2DC7408265FED6E00175832 /* Assets.xcassets in Resources */,
				D2DC7406265FED6D00175832 /* Main.storyboard in Resources */,
			);
			runOnlyForDeploymentPostprocessing = 0;
		};
/* End PBXResourcesBuildPhase section */

/* Begin PBXSourcesBuildPhase section */
		D2DC73F7265FED6D00175832 /* Sources */ = {
			isa = PBXSourcesBuildPhase;
			buildActionMask = 2147483647;
			files = (
				D2DC7403265FED6D00175832 /* ViewController.swift in Sources */,
				D2DC73FF265FED6D00175832 /* AppDelegate.swift in Sources */,
				D2DC7401265FED6D00175832 /* SceneDelegate.swift in Sources */,
				D2DC7413265FED7C00175832 /* Model.swift in Sources */,
			);
			runOnlyForDeploymentPostprocessing = 0;
		};
/* End PBXSourcesBuildPhase section */

/* Begin PBXVariantGroup section */
		D2DC7404265FED6D00175832 /* Main.storyboard */ = {
			isa = PBXVariantGroup;
			children = (
				D2DC7405265FED6D00175832 /* Base */,
			);
			name = Main.storyboard;
			sourceTree = "<group>";
		};
		D2DC7409265FED6E00175832 /* LaunchScreen.storyboard */ = {
			isa = PBXVariantGroup;
			children = (
				D2DC740A265FED6E00175832 /* Base */,
			);
			name = LaunchScreen.storyboard;
			sourceTree = "<group>";
		};
/* End PBXVariantGroup section */

/* Begin XCBuildConfiguration section */
		D2DC740D265FED6E00175832 /* Debug */ = {
			isa = XCBuildConfiguration;
			buildSettings = {
				ALWAYS_SEARCH_USER_PATHS = NO;
				CLANG_ANALYZER_NONNULL = YES;
				CLANG_ANALYZER_NUMBER_OBJECT_CONVERSION = YES_AGGRESSIVE;
				CLANG_CXX_LANGUAGE_STANDARD = "gnu++14";
				CLANG_CXX_LIBRARY = "libc++";
				CLANG_ENABLE_MODULES = YES;
				CLANG_ENABLE_OBJC_ARC = YES;
				CLANG_ENABLE_OBJC_WEAK = YES;
				CLANG_WARN_BLOCK_CAPTURE_AUTORELEASING = YES;
				CLANG_WARN_BOOL_CONVERSION = YES;
				CLANG_WARN_COMMA = YES;
				CLANG_WARN_CONSTANT_CONVERSION = YES;
				CLANG_WARN_DEPRECATED_OBJC_IMPLEMENTATIONS = YES;
				CLANG_WARN_DIRECT_OBJC_ISA_USAGE = YES_ERROR;
				CLANG_WARN_DOCUMENTATION_COMMENTS = YES;
				CLANG_WARN_EMPTY_BODY = YES;
				CLANG_WARN_ENUM_CONVERSION = YES;
				CLANG_WARN_INFINITE_RECURSION = YES;
				CLANG_WARN_INT_CONVERSION = YES;
				CLANG_WARN_NON_LITERAL_NULL_CONVERSION = YES;
				CLANG_WARN_OBJC_IMPLICIT_RETAIN_SELF = YES;
				CLANG_WARN_OBJC_LITERAL_CONVERSION = YES;
				CLANG_WARN_OBJC_ROOT_CLASS = YES_ERROR;
				CLANG_WARN_QUOTED_INCLUDE_IN_FRAMEWORK_HEADER = YES;
				CLANG_WARN_RANGE_LOOP_ANALYSIS = YES;
				CLANG_WARN_STRICT_PROTOTYPES = YES;
				CLANG_WARN_SUSPICIOUS_MOVE = YES;
				CLANG_WARN_UNGUARDED_AVAILABILITY = YES_AGGRESSIVE;
				CLANG_WARN_UNREACHABLE_CODE = YES;
				CLANG_WARN__DUPLICATE_METHOD_MATCH = YES;
				COPY_PHASE_STRIP = NO;
				DEBUG_INFORMATION_FORMAT = dwarf;
				ENABLE_STRICT_OBJC_MSGSEND = YES;
				ENABLE_TESTABILITY = YES;
				GCC_C_LANGUAGE_STANDARD = gnu11;
				GCC_DYNAMIC_NO_PIC = NO;
				GCC_NO_COMMON_BLOCKS = YES;
				GCC_OPTIMIZATION_LEVEL = 0;
				GCC_PREPROCESSOR_DEFINITIONS = (
					"DEBUG=1",
					"$(inherited)",
				);
				GCC_WARN_64_TO_32_BIT_CONVERSION = YES;
				GCC_WARN_ABOUT_RETURN_TYPE = YES_ERROR;
				GCC_WARN_UNDECLARED_SELECTOR = YES;
				GCC_WARN_UNINITIALIZED_AUTOS = YES_AGGRESSIVE;
				GCC_WARN_UNUSED_FUNCTION = YES;
				GCC_WARN_UNUSED_VARIABLE = YES;
				IPHONEOS_DEPLOYMENT_TARGET = 14.5;
				MTL_ENABLE_DEBUG_INFO = INCLUDE_SOURCE;
				MTL_FAST_MATH = YES;
				ONLY_ACTIVE_ARCH = YES;
				SDKROOT = iphoneos;
				SWIFT_ACTIVE_COMPILATION_CONDITIONS = DEBUG;
				SWIFT_OPTIMIZATION_LEVEL = "-Onone";
			};
			name = Debug;
		};
		D2DC740E265FED6E00175832 /* Release */ = {
			isa = XCBuildConfiguration;
			buildSettings = {
				ALWAYS_SEARCH_USER_PATHS = NO;
				CLANG_ANALYZER_NONNULL = YES;
				CLANG_ANALYZER_NUMBER_OBJECT_CONVERSION = YES_AGGRESSIVE;
				CLANG_CXX_LANGUAGE_STANDARD = "gnu++14";
				CLANG_CXX_LIBRARY = "libc++";
				CLANG_ENABLE_MODULES = YES;
				CLANG_ENABLE_OBJC_ARC = YES;
				CLANG_ENABLE_OBJC_WEAK = YES;
				CLANG_WARN_BLOCK_CAPTURE_AUTORELEASING = YES;
				CLANG_WARN_BOOL_CONVERSION = YES;
				CLANG_WARN_COMMA = YES;
				CLANG_WARN_CONSTANT_CONVERSION = YES;
				CLANG_WARN_DEPRECATED_OBJC_IMPLEMENTATIONS = YES;
				CLANG_WARN_DIRECT_OBJC_ISA_USAGE = YES_ERROR;
				CLANG_WARN_DOCUMENTATION_COMMENTS = YES;
				CLANG_WARN_EMPTY_BODY = YES;
				CLANG_WARN_ENUM_CONVERSION = YES;
				CLANG_WARN_INFINITE_RECURSION = YES;
				CLANG_WARN_INT_CONVERSION = YES;
				CLANG_WARN_NON_LITERAL_NULL_CONVERSION = YES;
				CLANG_WARN_OBJC_IMPLICIT_RETAIN_SELF = YES;
				CLANG_WARN_OBJC_LITERAL_CONVERSION = YES;
				CLANG_WARN_OBJC_ROOT_CLASS = YES_ERROR;
				CLANG_WARN_QUOTED_INCLUDE_IN_FRAMEWORK_HEADER = YES;
				CLANG_WARN_RANGE_LOOP_ANALYSIS = YES;
				CLANG_WARN_STRICT_PROTOTYPES = YES;
				CLANG_WARN_SUSPICIOUS_MOVE = YES;
				CLANG_WARN_UNGUARDED_AVAILABILITY = YES_AGGRESSIVE;
				CLANG_WARN_UNREACHABLE_CODE = YES;
				CLANG_WARN__DUPLICATE_METHOD_MATCH = YES;
				COPY_PHASE_STRIP = NO;
				DEBUG_INFORMATION_FORMAT = "dwarf-with-dsym";
				ENABLE_NS_ASSERTIONS = NO;
				ENABLE_STRICT_OBJC_MSGSEND = YES;
				GCC_C_LANGUAGE_STANDARD = gnu11;
				GCC_NO_COMMON_BLOCKS = YES;
				GCC_WARN_64_TO_32_BIT_CONVERSION = YES;
				GCC_WARN_ABOUT_RETURN_TYPE = YES_ERROR;
				GCC_WARN_UNDECLARED_SELECTOR = YES;
				GCC_WARN_UNINITIALIZED_AUTOS = YES_AGGRESSIVE;
				GCC_WARN_UNUSED_FUNCTION = YES;
				GCC_WARN_UNUSED_VARIABLE = YES;
				IPHONEOS_DEPLOYMENT_TARGET = 14.5;
				MTL_ENABLE_DEBUG_INFO = NO;
				MTL_FAST_MATH = YES;
				SDKROOT = iphoneos;
				SWIFT_COMPILATION_MODE = wholemodule;
				SWIFT_OPTIMIZATION_LEVEL = "-O";
				VALIDATE_PRODUCT = YES;
			};
			name = Release;
		};
		D2DC7410265FED6E00175832 /* Debug */ = {
			isa = XCBuildConfiguration;
			buildSettings = {
				ASSETCATALOG_COMPILER_APPICON_NAME = AppIcon;
				ASSETCATALOG_COMPILER_GLOBAL_ACCENT_COLOR_NAME = AccentColor;
				CODE_SIGN_STYLE = Automatic;
				DEVELOPMENT_TEAM = XQEAXK7Y68;
				INFOPLIST_FILE = CoreDataMigrationWithDerivedAttributes/Info.plist;
				LD_RUNPATH_SEARCH_PATHS = (
					"$(inherited)",
					"@executable_path/Frameworks",
				);
				PRODUCT_BUNDLE_IDENTIFIER = com.alessandromarzoli.CoreDataMigrationWithDerivedAttributes;
				PRODUCT_NAME = "$(TARGET_NAME)";
				SWIFT_VERSION = 5.0;
				TARGETED_DEVICE_FAMILY = "1,2";
			};
			name = Debug;
		};
		D2DC7411265FED6E00175832 /* Release */ = {
			isa = XCBuildConfiguration;
			buildSettings = {
				ASSETCATALOG_COMPILER_APPICON_NAME = AppIcon;
				ASSETCATALOG_COMPILER_GLOBAL_ACCENT_COLOR_NAME = AccentColor;
				CODE_SIGN_STYLE = Automatic;
				DEVELOPMENT_TEAM = XQEAXK7Y68;
				INFOPLIST_FILE = CoreDataMigrationWithDerivedAttributes/Info.plist;
				LD_RUNPATH_SEARCH_PATHS = (
					"$(inherited)",
					"@executable_path/Frameworks",
				);
				PRODUCT_BUNDLE_IDENTIFIER = com.alessandromarzoli.CoreDataMigrationWithDerivedAttributes;
				PRODUCT_NAME = "$(TARGET_NAME)";
				SWIFT_VERSION = 5.0;
				TARGETED_DEVICE_FAMILY = "1,2";
			};
			name = Release;
		};
/* End XCBuildConfiguration section */

/* Begin XCConfigurationList section */
		D2DC73F6265FED6D00175832 /* Build configuration list for PBXProject "CoreDataMigrationWithDerivedAttributes" */ = {
			isa = XCConfigurationList;
			buildConfigurations = (
				D2DC740D265FED6E00175832 /* Debug */,
				D2DC740E265FED6E00175832 /* Release */,
			);
			defaultConfigurationIsVisible = 0;
			defaultConfigurationName = Release;
		};
		D2DC740F265FED6E00175832 /* Build configuration list for PBXNativeTarget "CoreDataMigrationWithDerivedAttributes" */ = {
			isa = XCConfigurationList;
			buildConfigurations = (
				D2DC7410265FED6E00175832 /* Debug */,
				D2DC7411265FED6E00175832 /* Release */,
			);
			defaultConfigurationIsVisible = 0;
			defaultConfigurationName = Release;
		};
/* End XCConfigurationList section */
	};
	rootObject = D2DC73F3265FED6D00175832 /* Project object */;
}
