// !$*UTF8*$!
{
	archiveVersion = 1;
	classes = {
	};
	objectVersion = 50;
	objects = {

/* Begin PBXBuildFile section */
		237539B021B2EC08005714E8 /* AppDelegate.swift in Sources */ = {isa = PBXBuildFile; fileRef = 237539AF21B2EC08005714E8 /* AppDelegate.swift */; };
		237539B221B2EC08005714E8 /* ViewController.swift in Sources */ = {isa = PBXBuildFile; fileRef = 237539B121B2EC08005714E8 /* ViewController.swift */; };
		237539B521B2EC08005714E8 /* Main.storyboard in Resources */ = {isa = PBXBuildFile; fileRef = 237539B321B2EC08005714E8 /* Main.storyboard */; };
		237539B721B2EC0B005714E8 /* Assets.xcassets in Resources */ = {isa = PBXBuildFile; fileRef = 237539B621B2EC0B005714E8 /* Assets.xcassets */; };
		237539BA21B2EC0B005714E8 /* LaunchScreen.storyboard in Resources */ = {isa = PBXBuildFile; fileRef = 237539B821B2EC0B005714E8 /* LaunchScreen.storyboard */; };
		23B159BC21B1332600DF9C0D /* BackgroundURLSessionXCTests.framework in Frameworks */ = {isa = PBXBuildFile; fileRef = 23B159B221B1332600DF9C0D /* BackgroundURLSessionXCTests.framework */; };
		23B159C121B1332600DF9C0D /* BackgroundURLSessionXCTestsTests.swift in Sources */ = {isa = PBXBuildFile; fileRef = 23B159C021B1332600DF9C0D /* BackgroundURLSessionXCTestsTests.swift */; };
		23B159C321B1332600DF9C0D /* BackgroundURLSessionXCTests.h in Headers */ = {isa = PBXBuildFile; fileRef = 23B159B521B1332600DF9C0D /* BackgroundURLSessionXCTests.h */; settings = {ATTRIBUTES = (Public, ); }; };
/* End PBXBuildFile section */

/* Begin PBXContainerItemProxy section */
		237539BF21B2EC10005714E8 /* PBXContainerItemProxy */ = {
			isa = PBXContainerItemProxy;
			containerPortal = 23B159A921B1332600DF9C0D /* Project object */;
			proxyType = 1;
			remoteGlobalIDString = 237539AC21B2EC08005714E8;
			remoteInfo = DummyApp;
		};
		23B159BD21B1332600DF9C0D /* PBXContainerItemProxy */ = {
			isa = PBXContainerItemProxy;
			containerPortal = 23B159A921B1332600DF9C0D /* Project object */;
			proxyType = 1;
			remoteGlobalIDString = 23B159B121B1332600DF9C0D;
			remoteInfo = BackgroundURLSessionXCTests;
		};
/* End PBXContainerItemProxy section */

/* Begin PBXFileReference section */
		237539AD21B2EC08005714E8 /* DummyApp.app */ = {isa = PBXFileReference; explicitFileType = wrapper.application; includeInIndex = 0; path = DummyApp.app; sourceTree = BUILT_PRODUCTS_DIR; };
		237539AF21B2EC08005714E8 /* AppDelegate.swift */ = {isa = PBXFileReference; lastKnownFileType = sourcecode.swift; path = AppDelegate.swift; sourceTree = "<group>"; };
		237539B121B2EC08005714E8 /* ViewController.swift */ = {isa = PBXFileReference; lastKnownFileType = sourcecode.swift; path = ViewController.swift; sourceTree = "<group>"; };
		237539B421B2EC08005714E8 /* Base */ = {isa = PBXFileReference; lastKnownFileType = file.storyboard; name = Base; path = Base.lproj/Main.storyboard; sourceTree = "<group>"; };
		237539B621B2EC0B005714E8 /* Assets.xcassets */ = {isa = PBXFileReference; lastKnownFileType = folder.assetcatalog; path = Assets.xcassets; sourceTree = "<group>"; };
		237539B921B2EC0B005714E8 /* Base */ = {isa = PBXFileReference; lastKnownFileType = file.storyboard; name = Base; path = Base.lproj/LaunchScreen.storyboard; sourceTree = "<group>"; };
		237539BB21B2EC0B005714E8 /* Info.plist */ = {isa = PBXFileReference; lastKnownFileType = text.plist.xml; path = Info.plist; sourceTree = "<group>"; };
		23B159B221B1332600DF9C0D /* BackgroundURLSessionXCTests.framework */ = {isa = PBXFileReference; explicitFileType = wrapper.framework; includeInIndex = 0; path = BackgroundURLSessionXCTests.framework; sourceTree = BUILT_PRODUCTS_DIR; };
		23B159B521B1332600DF9C0D /* BackgroundURLSessionXCTests.h */ = {isa = PBXFileReference; lastKnownFileType = sourcecode.c.h; path = BackgroundURLSessionXCTests.h; sourceTree = "<group>"; };
		23B159B621B1332600DF9C0D /* Info.plist */ = {isa = PBXFileReference; lastKnownFileType = text.plist.xml; path = Info.plist; sourceTree = "<group>"; };
		23B159BB21B1332600DF9C0D /* BackgroundURLSessionXCTestsTests.xctest */ = {isa = PBXFileReference; explicitFileType = wrapper.cfbundle; includeInIndex = 0; path = BackgroundURLSessionXCTestsTests.xctest; sourceTree = BUILT_PRODUCTS_DIR; };
		23B159C021B1332600DF9C0D /* BackgroundURLSessionXCTestsTests.swift */ = {isa = PBXFileReference; lastKnownFileType = sourcecode.swift; path = BackgroundURLSessionXCTestsTests.swift; sourceTree = "<group>"; };
		23B159C221B1332600DF9C0D /* Info.plist */ = {isa = PBXFileReference; lastKnownFileType = text.plist.xml; path = Info.plist; sourceTree = "<group>"; };
/* End PBXFileReference section */

/* Begin PBXFrameworksBuildPhase section */
		237539AA21B2EC08005714E8 /* Frameworks */ = {
			isa = PBXFrameworksBuildPhase;
			buildActionMask = 2147483647;
			files = (
			);
			runOnlyForDeploymentPostprocessing = 0;
		};
		23B159AF21B1332600DF9C0D /* Frameworks */ = {
			isa = PBXFrameworksBuildPhase;
			buildActionMask = 2147483647;
			files = (
			);
			runOnlyForDeploymentPostprocessing = 0;
		};
		23B159B821B1332600DF9C0D /* Frameworks */ = {
			isa = PBXFrameworksBuildPhase;
			buildActionMask = 2147483647;
			files = (
				23B159BC21B1332600DF9C0D /* BackgroundURLSessionXCTests.framework in Frameworks */,
			);
			runOnlyForDeploymentPostprocessing = 0;
		};
/* End PBXFrameworksBuildPhase section */

/* Begin PBXGroup section */
		237539AE21B2EC08005714E8 /* DummyApp */ = {
			isa = PBXGroup;
			children = (
				237539AF21B2EC08005714E8 /* AppDelegate.swift */,
				237539B121B2EC08005714E8 /* ViewController.swift */,
				237539B321B2EC08005714E8 /* Main.storyboard */,
				237539B621B2EC0B005714E8 /* Assets.xcassets */,
				237539B821B2EC0B005714E8 /* LaunchScreen.storyboard */,
				237539BB21B2EC0B005714E8 /* Info.plist */,
			);
			path = DummyApp;
			sourceTree = "<group>";
		};
		23B159A821B1332600DF9C0D = {
			isa = PBXGroup;
			children = (
				23B159B421B1332600DF9C0D /* BackgroundURLSessionXCTests */,
				23B159BF21B1332600DF9C0D /* BackgroundURLSessionXCTestsTests */,
				237539AE21B2EC08005714E8 /* DummyApp */,
				23B159B321B1332600DF9C0D /* Products */,
			);
			sourceTree = "<group>";
		};
		23B159B321B1332600DF9C0D /* Products */ = {
			isa = PBXGroup;
			children = (
				23B159B221B1332600DF9C0D /* BackgroundURLSessionXCTests.framework */,
				23B159BB21B1332600DF9C0D /* BackgroundURLSessionXCTestsTests.xctest */,
				237539AD21B2EC08005714E8 /* DummyApp.app */,
			);
			name = Products;
			sourceTree = "<group>";
		};
		23B159B421B1332600DF9C0D /* BackgroundURLSessionXCTests */ = {
			isa = PBXGroup;
			children = (
				23B159B521B1332600DF9C0D /* BackgroundURLSessionXCTests.h */,
				23B159B621B1332600DF9C0D /* Info.plist */,
			);
			path = BackgroundURLSessionXCTests;
			sourceTree = "<group>";
		};
		23B159BF21B1332600DF9C0D /* BackgroundURLSessionXCTestsTests */ = {
			isa = PBXGroup;
			children = (
				23B159C021B1332600DF9C0D /* BackgroundURLSessionXCTestsTests.swift */,
				23B159C221B1332600DF9C0D /* Info.plist */,
			);
			path = BackgroundURLSessionXCTestsTests;
			sourceTree = "<group>";
		};
/* End PBXGroup section */

/* Begin PBXHeadersBuildPhase section */
		23B159AD21B1332600DF9C0D /* Headers */ = {
			isa = PBXHeadersBuildPhase;
			buildActionMask = 2147483647;
			files = (
				23B159C321B1332600DF9C0D /* BackgroundURLSessionXCTests.h in Headers */,
			);
			runOnlyForDeploymentPostprocessing = 0;
		};
/* End PBXHeadersBuildPhase section */

/* Begin PBXNativeTarget section */
		237539AC21B2EC08005714E8 /* DummyApp */ = {
			isa = PBXNativeTarget;
			buildConfigurationList = 237539BE21B2EC0B005714E8 /* Build configuration list for PBXNativeTarget "DummyApp" */;
			buildPhases = (
				237539A921B2EC08005714E8 /* Sources */,
				237539AA21B2EC08005714E8 /* Frameworks */,
				237539AB21B2EC08005714E8 /* Resources */,
			);
			buildRules = (
			);
			dependencies = (
			);
			name = DummyApp;
			productName = DummyApp;
			productReference = 237539AD21B2EC08005714E8 /* DummyApp.app */;
			productType = "com.apple.product-type.application";
		};
		23B159B121B1332600DF9C0D /* BackgroundURLSessionXCTests */ = {
			isa = PBXNativeTarget;
			buildConfigurationList = 23B159C621B1332600DF9C0D /* Build configuration list for PBXNativeTarget "BackgroundURLSessionXCTests" */;
			buildPhases = (
				23B159AD21B1332600DF9C0D /* Headers */,
				23B159AE21B1332600DF9C0D /* Sources */,
				23B159AF21B1332600DF9C0D /* Frameworks */,
				23B159B021B1332600DF9C0D /* Resources */,
			);
			buildRules = (
			);
			dependencies = (
			);
			name = BackgroundURLSessionXCTests;
			productName = BackgroundURLSessionXCTests;
			productReference = 23B159B221B1332600DF9C0D /* BackgroundURLSessionXCTests.framework */;
			productType = "com.apple.product-type.framework";
		};
		23B159BA21B1332600DF9C0D /* BackgroundURLSessionXCTestsTests */ = {
			isa = PBXNativeTarget;
			buildConfigurationList = 23B159C921B1332600DF9C0D /* Build configuration list for PBXNativeTarget "BackgroundURLSessionXCTestsTests" */;
			buildPhases = (
				23B159B721B1332600DF9C0D /* Sources */,
				23B159B821B1332600DF9C0D /* Frameworks */,
				23B159B921B1332600DF9C0D /* Resources */,
			);
			buildRules = (
			);
			dependencies = (
				23B159BE21B1332600DF9C0D /* PBXTargetDependency */,
				237539C021B2EC10005714E8 /* PBXTargetDependency */,
			);
			name = BackgroundURLSessionXCTestsTests;
			productName = BackgroundURLSessionXCTestsTests;
			productReference = 23B159BB21B1332600DF9C0D /* BackgroundURLSessionXCTestsTests.xctest */;
			productType = "com.apple.product-type.bundle.unit-test";
		};
/* End PBXNativeTarget section */

/* Begin PBXProject section */
		23B159A921B1332600DF9C0D /* Project object */ = {
			isa = PBXProject;
			attributes = {
				LastSwiftUpdateCheck = 1010;
				LastUpgradeCheck = 1240;
				TargetAttributes = {
					237539AC21B2EC08005714E8 = {
						CreatedOnToolsVersion = 10.1;
						LastSwiftMigration = 1240;
					};
					23B159B121B1332600DF9C0D = {
						CreatedOnToolsVersion = 10.1;
						LastSwiftMigration = 1010;
					};
					23B159BA21B1332600DF9C0D = {
						CreatedOnToolsVersion = 10.1;
						LastSwiftMigration = 1240;
						TestTargetID = 237539AC21B2EC08005714E8;
					};
				};
			};
			buildConfigurationList = 23B159AC21B1332600DF9C0D /* Build configuration list for PBXProject "BackgroundURLSessionXCTests" */;
			compatibilityVersion = "Xcode 9.3";
			developmentRegion = en;
			hasScannedForEncodings = 0;
			knownRegions = (
				en,
				Base,
			);
			mainGroup = 23B159A821B1332600DF9C0D;
			productRefGroup = 23B159B321B1332600DF9C0D /* Products */;
			projectDirPath = "";
			projectRoot = "";
			targets = (
				23B159B121B1332600DF9C0D /* BackgroundURLSessionXCTests */,
				23B159BA21B1332600DF9C0D /* BackgroundURLSessionXCTestsTests */,
				237539AC21B2EC08005714E8 /* DummyApp */,
			);
		};
/* End PBXProject section */

/* Begin PBXResourcesBuildPhase section */
		237539AB21B2EC08005714E8 /* Resources */ = {
			isa = PBXResourcesBuildPhase;
			buildActionMask = 2147483647;
			files = (
				237539BA21B2EC0B005714E8 /* LaunchScreen.storyboard in Resources */,
				237539B721B2EC0B005714E8 /* Assets.xcassets in Resources */,
				237539B521B2EC08005714E8 /* Main.storyboard in Resources */,
			);
			runOnlyForDeploymentPostprocessing = 0;
		};
		23B159B021B1332600DF9C0D /* Resources */ = {
			isa = PBXResourcesBuildPhase;
			buildActionMask = 2147483647;
			files = (
			);
			runOnlyForDeploymentPostprocessing = 0;
		};
		23B159B921B1332600DF9C0D /* Resources */ = {
			isa = PBXResourcesBuildPhase;
			buildActionMask = 2147483647;
			files = (
			);
			runOnlyForDeploymentPostprocessing = 0;
		};
/* End PBXResourcesBuildPhase section */

/* Begin PBXSourcesBuildPhase section */
		237539A921B2EC08005714E8 /* Sources */ = {
			isa = PBXSourcesBuildPhase;
			buildActionMask = 2147483647;
			files = (
				237539B221B2EC08005714E8 /* ViewController.swift in Sources */,
				237539B021B2EC08005714E8 /* AppDelegate.swift in Sources */,
			);
			runOnlyForDeploymentPostprocessing = 0;
		};
		23B159AE21B1332600DF9C0D /* Sources */ = {
			isa = PBXSourcesBuildPhase;
			buildActionMask = 2147483647;
			files = (
			);
			runOnlyForDeploymentPostprocessing = 0;
		};
		23B159B721B1332600DF9C0D /* Sources */ = {
			isa = PBXSourcesBuildPhase;
			buildActionMask = 2147483647;
			files = (
				23B159C121B1332600DF9C0D /* BackgroundURLSessionXCTestsTests.swift in Sources */,
			);
			runOnlyForDeploymentPostprocessing = 0;
		};
/* End PBXSourcesBuildPhase section */

/* Begin PBXTargetDependency section */
		237539C021B2EC10005714E8 /* PBXTargetDependency */ = {
			isa = PBXTargetDependency;
			target = 237539AC21B2EC08005714E8 /* DummyApp */;
			targetProxy = 237539BF21B2EC10005714E8 /* PBXContainerItemProxy */;
		};
		23B159BE21B1332600DF9C0D /* PBXTargetDependency */ = {
			isa = PBXTargetDependency;
			target = 23B159B121B1332600DF9C0D /* BackgroundURLSessionXCTests */;
			targetProxy = 23B159BD21B1332600DF9C0D /* PBXContainerItemProxy */;
		};
/* End PBXTargetDependency section */

/* Begin PBXVariantGroup section */
		237539B321B2EC08005714E8 /* Main.storyboard */ = {
			isa = PBXVariantGroup;
			children = (
				237539B421B2EC08005714E8 /* Base */,
			);
			name = Main.storyboard;
			sourceTree = "<group>";
		};
		237539B821B2EC0B005714E8 /* LaunchScreen.storyboard */ = {
			isa = PBXVariantGroup;
			children = (
				237539B921B2EC0B005714E8 /* Base */,
			);
			name = LaunchScreen.storyboard;
			sourceTree = "<group>";
		};
/* End PBXVariantGroup section */

/* Begin XCBuildConfiguration section */
		237539BC21B2EC0B005714E8 /* Debug */ = {
			isa = XCBuildConfiguration;
			buildSettings = {
				ASSETCATALOG_COMPILER_APPICON_NAME = AppIcon;
				CODE_SIGN_STYLE = Automatic;
				INFOPLIST_FILE = DummyApp/Info.plist;
				LD_RUNPATH_SEARCH_PATHS = (
					"$(inherited)",
					"@executable_path/Frameworks",
				);
				PRODUCT_BUNDLE_IDENTIFIER = com.alessandromarzoli.DummyApp;
				PRODUCT_NAME = "$(TARGET_NAME)";
				SWIFT_VERSION = 5.0;
				TARGETED_DEVICE_FAMILY = "1,2";
			};
			name = Debug;
		};
		237539BD21B2EC0B005714E8 /* Release */ = {
			isa = XCBuildConfiguration;
			buildSettings = {
				ASSETCATALOG_COMPILER_APPICON_NAME = AppIcon;
				CODE_SIGN_STYLE = Automatic;
				INFOPLIST_FILE = DummyApp/Info.plist;
				LD_RUNPATH_SEARCH_PATHS = (
					"$(inherited)",
					"@executable_path/Frameworks",
				);
				PRODUCT_BUNDLE_IDENTIFIER = com.alessandromarzoli.DummyApp;
				PRODUCT_NAME = "$(TARGET_NAME)";
				SWIFT_VERSION = 5.0;
				TARGETED_DEVICE_FAMILY = "1,2";
			};
			name = Release;
		};
		23B159C421B1332600DF9C0D /* Debug */ = {
			isa = XCBuildConfiguration;
			buildSettings = {
				ALWAYS_SEARCH_USER_PATHS = NO;
				CLANG_ANALYZER_NONNULL = YES;
				CLANG_ANALYZER_NUMBER_OBJECT_CONVERSION = YES_AGGRESSIVE;
				CLANG_CXX_LANGUAGE_STANDARD = "gnu++14";
				CLANG_CXX_LIBRARY = "libc++";
				CLANG_ENABLE_MODULES = YES;
				CLANG_ENABLE_OBJC_ARC = YES;
				CLANG_ENABLE_OBJC_WEAK = YES;
				CLANG_WARN_BLOCK_CAPTURE_AUTORELEASING = YES;
				CLANG_WARN_BOOL_CONVERSION = YES;
				CLANG_WARN_COMMA = YES;
				CLANG_WARN_CONSTANT_CONVERSION = YES;
				CLANG_WARN_DEPRECATED_OBJC_IMPLEMENTATIONS = YES;
				CLANG_WARN_DIRECT_OBJC_ISA_USAGE = YES_ERROR;
				CLANG_WARN_DOCUMENTATION_COMMENTS = YES;
				CLANG_WARN_EMPTY_BODY = YES;
				CLANG_WARN_ENUM_CONVERSION = YES;
				CLANG_WARN_INFINITE_RECURSION = YES;
				CLANG_WARN_INT_CONVERSION = YES;
				CLANG_WARN_NON_LITERAL_NULL_CONVERSION = YES;
				CLANG_WARN_OBJC_IMPLICIT_RETAIN_SELF = YES;
				CLANG_WARN_OBJC_LITERAL_CONVERSION = YES;
				CLANG_WARN_OBJC_ROOT_CLASS = YES_ERROR;
				CLANG_WARN_QUOTED_INCLUDE_IN_FRAMEWORK_HEADER = YES;
				CLANG_WARN_RANGE_LOOP_ANALYSIS = YES;
				CLANG_WARN_STRICT_PROTOTYPES = YES;
				CLANG_WARN_SUSPICIOUS_MOVE = YES;
				CLANG_WARN_UNGUARDED_AVAILABILITY = YES_AGGRESSIVE;
				CLANG_WARN_UNREACHABLE_CODE = YES;
				CLANG_WARN__DUPLICATE_METHOD_MATCH = YES;
				CODE_SIGN_IDENTITY = "iPhone Developer";
				COPY_PHASE_STRIP = NO;
				CURRENT_PROJECT_VERSION = 1;
				DEBUG_INFORMATION_FORMAT = dwarf;
				ENABLE_STRICT_OBJC_MSGSEND = YES;
				ENABLE_TESTABILITY = YES;
				GCC_C_LANGUAGE_STANDARD = gnu11;
				GCC_DYNAMIC_NO_PIC = NO;
				GCC_NO_COMMON_BLOCKS = YES;
				GCC_OPTIMIZATION_LEVEL = 0;
				GCC_PREPROCESSOR_DEFINITIONS = (
					"DEBUG=1",
					"$(inherited)",
				);
				GCC_WARN_64_TO_32_BIT_CONVERSION = YES;
				GCC_WARN_ABOUT_RETURN_TYPE = YES_ERROR;
				GCC_WARN_UNDECLARED_SELECTOR = YES;
				GCC_WARN_UNINITIALIZED_AUTOS = YES_AGGRESSIVE;
				GCC_WARN_UNUSED_FUNCTION = YES;
				GCC_WARN_UNUSED_VARIABLE = YES;
				IPHONEOS_DEPLOYMENT_TARGET = 12.1;
				MTL_ENABLE_DEBUG_INFO = INCLUDE_SOURCE;
				MTL_FAST_MATH = YES;
				ONLY_ACTIVE_ARCH = YES;
				SDKROOT = iphoneos;
				SWIFT_ACTIVE_COMPILATION_CONDITIONS = DEBUG;
				SWIFT_OPTIMIZATION_LEVEL = "-Onone";
				VERSIONING_SYSTEM = "apple-generic";
				VERSION_INFO_PREFIX = "";
			};
			name = Debug;
		};
		23B159C521B1332600DF9C0D /* Release */ = {
			isa = XCBuildConfiguration;
			buildSettings = {
				ALWAYS_SEARCH_USER_PATHS = NO;
				CLANG_ANALYZER_NONNULL = YES;
				CLANG_ANALYZER_NUMBER_OBJECT_CONVERSION = YES_AGGRESSIVE;
				CLANG_CXX_LANGUAGE_STANDARD = "gnu++14";
				CLANG_CXX_LIBRARY = "libc++";
				CLANG_ENABLE_MODULES = YES;
				CLANG_ENABLE_OBJC_ARC = YES;
				CLANG_ENABLE_OBJC_WEAK = YES;
				CLANG_WARN_BLOCK_CAPTURE_AUTORELEASING = YES;
				CLANG_WARN_BOOL_CONVERSION = YES;
				CLANG_WARN_COMMA = YES;
				CLANG_WARN_CONSTANT_CONVERSION = YES;
				CLANG_WARN_DEPRECATED_OBJC_IMPLEMENTATIONS = YES;
				CLANG_WARN_DIRECT_OBJC_ISA_USAGE = YES_ERROR;
				CLANG_WARN_DOCUMENTATION_COMMENTS = YES;
				CLANG_WARN_EMPTY_BODY = YES;
				CLANG_WARN_ENUM_CONVERSION = YES;
				CLANG_WARN_INFINITE_RECURSION = YES;
				CLANG_WARN_INT_CONVERSION = YES;
				CLANG_WARN_NON_LITERAL_NULL_CONVERSION = YES;
				CLANG_WARN_OBJC_IMPLICIT_RETAIN_SELF = YES;
				CLANG_WARN_OBJC_LITERAL_CONVERSION = YES;
				CLANG_WARN_OBJC_ROOT_CLASS = YES_ERROR;
				CLANG_WARN_QUOTED_INCLUDE_IN_FRAMEWORK_HEADER = YES;
				CLANG_WARN_RANGE_LOOP_ANALYSIS = YES;
				CLANG_WARN_STRICT_PROTOTYPES = YES;
				CLANG_WARN_SUSPICIOUS_MOVE = YES;
				CLANG_WARN_UNGUARDED_AVAILABILITY = YES_AGGRESSIVE;
				CLANG_WARN_UNREACHABLE_CODE = YES;
				CLANG_WARN__DUPLICATE_METHOD_MATCH = YES;
				CODE_SIGN_IDENTITY = "iPhone Developer";
				COPY_PHASE_STRIP = NO;
				CURRENT_PROJECT_VERSION = 1;
				DEBUG_INFORMATION_FORMAT = "dwarf-with-dsym";
				ENABLE_NS_ASSERTIONS = NO;
				ENABLE_STRICT_OBJC_MSGSEND = YES;
				GCC_C_LANGUAGE_STANDARD = gnu11;
				GCC_NO_COMMON_BLOCKS = YES;
				GCC_WARN_64_TO_32_BIT_CONVERSION = YES;
				GCC_WARN_ABOUT_RETURN_TYPE = YES_ERROR;
				GCC_WARN_UNDECLARED_SELECTOR = YES;
				GCC_WARN_UNINITIALIZED_AUTOS = YES_AGGRESSIVE;
				GCC_WARN_UNUSED_FUNCTION = YES;
				GCC_WARN_UNUSED_VARIABLE = YES;
				IPHONEOS_DEPLOYMENT_TARGET = 12.1;
				MTL_ENABLE_DEBUG_INFO = NO;
				MTL_FAST_MATH = YES;
				SDKROOT = iphoneos;
				SWIFT_COMPILATION_MODE = wholemodule;
				SWIFT_OPTIMIZATION_LEVEL = "-O";
				VALIDATE_PRODUCT = YES;
				VERSIONING_SYSTEM = "apple-generic";
				VERSION_INFO_PREFIX = "";
			};
			name = Release;
		};
		23B159C721B1332600DF9C0D /* Debug */ = {
			isa = XCBuildConfiguration;
			buildSettings = {
				CLANG_ENABLE_MODULES = YES;
				CODE_SIGN_IDENTITY = "";
				CODE_SIGN_STYLE = Automatic;
				DEFINES_MODULE = YES;
				DEVELOPMENT_TEAM = XQEAXK7Y68;
				DYLIB_COMPATIBILITY_VERSION = 1;
				DYLIB_CURRENT_VERSION = 1;
				DYLIB_INSTALL_NAME_BASE = "@rpath";
				INFOPLIST_FILE = BackgroundURLSessionXCTests/Info.plist;
				INSTALL_PATH = "$(LOCAL_LIBRARY_DIR)/Frameworks";
				IPHONEOS_DEPLOYMENT_TARGET = 12.0;
				LD_RUNPATH_SEARCH_PATHS = (
					"$(inherited)",
					"@executable_path/Frameworks",
					"@loader_path/Frameworks",
				);
				PRODUCT_BUNDLE_IDENTIFIER = com.alessandromarzoli.BackgroundURLSessionXCTests;
				PRODUCT_NAME = "$(TARGET_NAME:c99extidentifier)";
				SKIP_INSTALL = YES;
				SWIFT_OPTIMIZATION_LEVEL = "-Onone";
				SWIFT_VERSION = 4.2;
				TARGETED_DEVICE_FAMILY = "1,2";
			};
			name = Debug;
		};
		23B159C821B1332600DF9C0D /* Release */ = {
			isa = XCBuildConfiguration;
			buildSettings = {
				CLANG_ENABLE_MODULES = YES;
				CODE_SIGN_IDENTITY = "";
				CODE_SIGN_STYLE = Automatic;
				DEFINES_MODULE = YES;
				DEVELOPMENT_TEAM = XQEAXK7Y68;
				DYLIB_COMPATIBILITY_VERSION = 1;
				DYLIB_CURRENT_VERSION = 1;
				DYLIB_INSTALL_NAME_BASE = "@rpath";
				INFOPLIST_FILE = BackgroundURLSessionXCTests/Info.plist;
				INSTALL_PATH = "$(LOCAL_LIBRARY_DIR)/Frameworks";
				IPHONEOS_DEPLOYMENT_TARGET = 12.0;
				LD_RUNPATH_SEARCH_PATHS = (
					"$(inherited)",
					"@executable_path/Frameworks",
					"@loader_path/Frameworks",
				);
				PRODUCT_BUNDLE_IDENTIFIER = com.alessandromarzoli.BackgroundURLSessionXCTests;
				PRODUCT_NAME = "$(TARGET_NAME:c99extidentifier)";
				SKIP_INSTALL = YES;
				SWIFT_VERSION = 4.2;
				TARGETED_DEVICE_FAMILY = "1,2";
			};
			name = Release;
		};
		23B159CA21B1332600DF9C0D /* Debug */ = {
			isa = XCBuildConfiguration;
			buildSettings = {
				CODE_SIGN_STYLE = Automatic;
				DEVELOPMENT_TEAM = XQEAXK7Y68;
				INFOPLIST_FILE = BackgroundURLSessionXCTestsTests/Info.plist;
				LD_RUNPATH_SEARCH_PATHS = (
					"$(inherited)",
					"@executable_path/Frameworks",
					"@loader_path/Frameworks",
				);
				PRODUCT_BUNDLE_IDENTIFIER = com.alessandromarzoli.BackgroundURLSessionXCTestsTests;
				PRODUCT_NAME = "$(TARGET_NAME)";
				SWIFT_VERSION = 5.0;
				TARGETED_DEVICE_FAMILY = "1,2";
				TEST_HOST = "$(BUILT_PRODUCTS_DIR)/DummyApp.app/DummyApp";
			};
			name = Debug;
		};
		23B159CB21B1332600DF9C0D /* Release */ = {
			isa = XCBuildConfiguration;
			buildSettings = {
				CODE_SIGN_STYLE = Automatic;
				DEVELOPMENT_TEAM = XQEAXK7Y68;
				INFOPLIST_FILE = BackgroundURLSessionXCTestsTests/Info.plist;
				LD_RUNPATH_SEARCH_PATHS = (
					"$(inherited)",
					"@executable_path/Frameworks",
					"@loader_path/Frameworks",
				);
				PRODUCT_BUNDLE_IDENTIFIER = com.alessandromarzoli.BackgroundURLSessionXCTestsTests;
				PRODUCT_NAME = "$(TARGET_NAME)";
				SWIFT_VERSION = 5.0;
				TARGETED_DEVICE_FAMILY = "1,2";
				TEST_HOST = "$(BUILT_PRODUCTS_DIR)/DummyApp.app/DummyApp";
			};
			name = Release;
		};
/* End XCBuildConfiguration section */

/* Begin XCConfigurationList section */
		237539BE21B2EC0B005714E8 /* Build configuration list for PBXNativeTarget "DummyApp" */ = {
			isa = XCConfigurationList;
			buildConfigurations = (
				237539BC21B2EC0B005714E8 /* Debug */,
				237539BD21B2EC0B005714E8 /* Release */,
			);
			defaultConfigurationIsVisible = 0;
			defaultConfigurationName = Release;
		};
		23B159AC21B1332600DF9C0D /* Build configuration list for PBXProject "BackgroundURLSessionXCTests" */ = {
			isa = XCConfigurationList;
			buildConfigurations = (
				23B159C421B1332600DF9C0D /* Debug */,
				23B159C521B1332600DF9C0D /* Release */,
			);
			defaultConfigurationIsVisible = 0;
			defaultConfigurationName = Release;
		};
		23B159C621B1332600DF9C0D /* Build configuration list for PBXNativeTarget "BackgroundURLSessionXCTests" */ = {
			isa = XCConfigurationList;
			buildConfigurations = (
				23B159C721B1332600DF9C0D /* Debug */,
				23B159C821B1332600DF9C0D /* Release */,
			);
			defaultConfigurationIsVisible = 0;
			defaultConfigurationName = Release;
		};
		23B159C921B1332600DF9C0D /* Build configuration list for PBXNativeTarget "BackgroundURLSessionXCTestsTests" */ = {
			isa = XCConfigurationList;
			buildConfigurations = (
				23B159CA21B1332600DF9C0D /* Debug */,
				23B159CB21B1332600DF9C0D /* Release */,
			);
			defaultConfigurationIsVisible = 0;
			defaultConfigurationName = Release;
		};
/* End XCConfigurationList section */
	};
	rootObject = 23B159A921B1332600DF9C0D /* Project object */;
}
